// !$*UTF8*$!
{
	archiveVersion = 1;
	classes = {
	};
	objectVersion = 56;
	objects = {

/* Begin PBXBuildFile section */
		FADD8D4F29D889C50053AB0D /* Expense_TrackerApp.swift in Sources */ = {isa = PBXBuildFile; fileRef = FADD8D4E29D889C50053AB0D /* Expense_TrackerApp.swift */; };
		FADD8D5129D889C50053AB0D /* MainView.swift in Sources */ = {isa = PBXBuildFile; fileRef = FADD8D5029D889C50053AB0D /* MainView.swift */; };
		FADD8D5329D889C70053AB0D /* Assets.xcassets in Resources */ = {isa = PBXBuildFile; fileRef = FADD8D5229D889C70053AB0D /* Assets.xcassets */; };
		FADD8D5629D889C70053AB0D /* Preview Assets.xcassets in Resources */ = {isa = PBXBuildFile; fileRef = FADD8D5529D889C70053AB0D /* Preview Assets.xcassets */; };
		FADD8D6029D88A340053AB0D /* ExpenseView.swift in Sources */ = {isa = PBXBuildFile; fileRef = FADD8D5F29D88A340053AB0D /* ExpenseView.swift */; };
		FADD8D6229D88A460053AB0D /* AddExpenseView.swift in Sources */ = {isa = PBXBuildFile; fileRef = FADD8D6129D88A460053AB0D /* AddExpenseView.swift */; };
		FADD8D6429D88A560053AB0D /* EditExpenseView.swift in Sources */ = {isa = PBXBuildFile; fileRef = FADD8D6329D88A560053AB0D /* EditExpenseView.swift */; };
		FADD8D6629D88A650053AB0D /* SettingsView.swift in Sources */ = {isa = PBXBuildFile; fileRef = FADD8D6529D88A650053AB0D /* SettingsView.swift */; };
		FADD8D7829D8C2BD0053AB0D /* ExpenseTracker.xcdatamodeld in Sources */ = {isa = PBXBuildFile; fileRef = FADD8D7629D8C2BD0053AB0D /* ExpenseTracker.xcdatamodeld */; };
		FADD8D7A29D8C3720053AB0D /* DataController.swift in Sources */ = {isa = PBXBuildFile; fileRef = FADD8D7929D8C3720053AB0D /* DataController.swift */; };
		FADD8D8229D9064C0053AB0D /* ExpenseDetail.swift in Sources */ = {isa = PBXBuildFile; fileRef = FADD8D8129D9064C0053AB0D /* ExpenseDetail.swift */; };
/* End PBXBuildFile section */

/* Begin PBXFileReference section */
		FADD8D4B29D889C50053AB0D /* Expense Tracker.app */ = {isa = PBXFileReference; explicitFileType = wrapper.application; includeInIndex = 0; path = "Expense Tracker.app"; sourceTree = BUILT_PRODUCTS_DIR; };
		FADD8D4E29D889C50053AB0D /* Expense_TrackerApp.swift */ = {isa = PBXFileReference; lastKnownFileType = sourcecode.swift; path = Expense_TrackerApp.swift; sourceTree = "<group>"; };
		FADD8D5029D889C50053AB0D /* MainView.swift */ = {isa = PBXFileReference; lastKnownFileType = sourcecode.swift; path = MainView.swift; sourceTree = "<group>"; };
		FADD8D5229D889C70053AB0D /* Assets.xcassets */ = {isa = PBXFileReference; lastKnownFileType = folder.assetcatalog; path = Assets.xcassets; sourceTree = "<group>"; };
		FADD8D5529D889C70053AB0D /* Preview Assets.xcassets */ = {isa = PBXFileReference; lastKnownFileType = folder.assetcatalog; path = "Preview Assets.xcassets"; sourceTree = "<group>"; };
		FADD8D5F29D88A340053AB0D /* ExpenseView.swift */ = {isa = PBXFileReference; lastKnownFileType = sourcecode.swift; path = ExpenseView.swift; sourceTree = "<group>"; };
		FADD8D6129D88A460053AB0D /* AddExpenseView.swift */ = {isa = PBXFileReference; lastKnownFileType = sourcecode.swift; path = AddExpenseView.swift; sourceTree = "<group>"; };
		FADD8D6329D88A560053AB0D /* EditExpenseView.swift */ = {isa = PBXFileReference; lastKnownFileType = sourcecode.swift; path = EditExpenseView.swift; sourceTree = "<group>"; };
		FADD8D6529D88A650053AB0D /* SettingsView.swift */ = {isa = PBXFileReference; lastKnownFileType = sourcecode.swift; path = SettingsView.swift; sourceTree = "<group>"; };
		FADD8D7729D8C2BD0053AB0D /* ExpenseTracker.xcdatamodel */ = {isa = PBXFileReference; lastKnownFileType = wrapper.xcdatamodel; path = ExpenseTracker.xcdatamodel; sourceTree = "<group>"; };
		FADD8D7929D8C3720053AB0D /* DataController.swift */ = {isa = PBXFileReference; lastKnownFileType = sourcecode.swift; path = DataController.swift; sourceTree = "<group>"; };
		FADD8D8129D9064C0053AB0D /* ExpenseDetail.swift */ = {isa = PBXFileReference; lastKnownFileType = sourcecode.swift; path = ExpenseDetail.swift; sourceTree = "<group>"; };
/* End PBXFileReference section */

/* Begin PBXFrameworksBuildPhase section */
		FADD8D4829D889C50053AB0D /* Frameworks */ = {
			isa = PBXFrameworksBuildPhase;
			buildActionMask = 2147483647;
			files = (
			);
			runOnlyForDeploymentPostprocessing = 0;
		};
/* End PBXFrameworksBuildPhase section */

/* Begin PBXGroup section */
		FADD8D4229D889C50053AB0D = {
			isa = PBXGroup;
			children = (
				FADD8D4D29D889C50053AB0D /* Expense Tracker */,
				FADD8D4C29D889C50053AB0D /* Products */,
			);
			sourceTree = "<group>";
		};
		FADD8D4C29D889C50053AB0D /* Products */ = {
			isa = PBXGroup;
			children = (
				FADD8D4B29D889C50053AB0D /* Expense Tracker.app */,
			);
			name = Products;
			sourceTree = "<group>";
		};
		FADD8D4D29D889C50053AB0D /* Expense Tracker */ = {
			isa = PBXGroup;
			children = (
				FADD8D4E29D889C50053AB0D /* Expense_TrackerApp.swift */,
				FADD8D5C29D889D70053AB0D /* Views */,
				FADD8D5D29D889E40053AB0D /* Components */,
				FADD8D5E29D889F40053AB0D /* DataModel */,
				FADD8D5229D889C70053AB0D /* Assets.xcassets */,
				FADD8D5429D889C70053AB0D /* Preview Content */,
			);
			path = "Expense Tracker";
			sourceTree = "<group>";
		};
		FADD8D5429D889C70053AB0D /* Preview Content */ = {
			isa = PBXGroup;
			children = (
				FADD8D5529D889C70053AB0D /* Preview Assets.xcassets */,
			);
			path = "Preview Content";
			sourceTree = "<group>";
		};
		FADD8D5C29D889D70053AB0D /* Views */ = {
			isa = PBXGroup;
			children = (
				FADD8D5029D889C50053AB0D /* MainView.swift */,
				FADD8D5F29D88A340053AB0D /* ExpenseView.swift */,
				FADD8D6129D88A460053AB0D /* AddExpenseView.swift */,
				FADD8D6329D88A560053AB0D /* EditExpenseView.swift */,
				FADD8D6529D88A650053AB0D /* SettingsView.swift */,
			);
			path = Views;
			sourceTree = "<group>";
		};
		FADD8D5D29D889E40053AB0D /* Components */ = {
			isa = PBXGroup;
			children = (
				FADD8D8129D9064C0053AB0D /* ExpenseDetail.swift */,
			);
			path = Components;
			sourceTree = "<group>";
		};
		FADD8D5E29D889F40053AB0D /* DataModel */ = {
			isa = PBXGroup;
			children = (
				FADD8D7929D8C3720053AB0D /* DataController.swift */,
				FADD8D7629D8C2BD0053AB0D /* ExpenseTracker.xcdatamodeld */,
			);
			path = DataModel;
			sourceTree = "<group>";
		};
/* End PBXGroup section */

/* Begin PBXNativeTarget section */
		FADD8D4A29D889C50053AB0D /* Expense Tracker */ = {
			isa = PBXNativeTarget;
			buildConfigurationList = FADD8D5929D889C70053AB0D /* Build configuration list for PBXNativeTarget "Expense Tracker" */;
			buildPhases = (
				FADD8D4729D889C50053AB0D /* Sources */,
				FADD8D4829D889C50053AB0D /* Frameworks */,
				FADD8D4929D889C50053AB0D /* Resources */,
			);
			buildRules = (
			);
			dependencies = (
			);
			name = "Expense Tracker";
			productName = "Expense Tracker";
			productReference = FADD8D4B29D889C50053AB0D /* Expense Tracker.app */;
			productType = "com.apple.product-type.application";
		};
/* End PBXNativeTarget section */

/* Begin PBXProject section */
		FADD8D4329D889C50053AB0D /* Project object */ = {
			isa = PBXProject;
			attributes = {
				BuildIndependentTargetsInParallel = 1;
				LastSwiftUpdateCheck = 1420;
				LastUpgradeCheck = 1420;
				TargetAttributes = {
					FADD8D4A29D889C50053AB0D = {
						CreatedOnToolsVersion = 14.2;
					};
				};
			};
			buildConfigurationList = FADD8D4629D889C50053AB0D /* Build configuration list for PBXProject "Expense Tracker" */;
			compatibilityVersion = "Xcode 14.0";
			developmentRegion = en;
			hasScannedForEncodings = 0;
			knownRegions = (
				en,
				Base,
			);
			mainGroup = FADD8D4229D889C50053AB0D;
			productRefGroup = FADD8D4C29D889C50053AB0D /* Products */;
			projectDirPath = "";
			projectRoot = "";
			targets = (
				FADD8D4A29D889C50053AB0D /* Expense Tracker */,
			);
		};
/* End PBXProject section */

/* Begin PBXResourcesBuildPhase section */
		FADD8D4929D889C50053AB0D /* Resources */ = {
			isa = PBXResourcesBuildPhase;
			buildActionMask = 2147483647;
			files = (
				FADD8D5629D889C70053AB0D /* Preview Assets.xcassets in Resources */,
				FADD8D5329D889C70053AB0D /* Assets.xcassets in Resources */,
			);
			runOnlyForDeploymentPostprocessing = 0;
		};
/* End PBXResourcesBuildPhase section */

/* Begin PBXSourcesBuildPhase section */
		FADD8D4729D889C50053AB0D /* Sources */ = {
			isa = PBXSourcesBuildPhase;
			buildActionMask = 2147483647;
			files = (
				FADD8D5129D889C50053AB0D /* MainView.swift in Sources */,
				FADD8D6429D88A560053AB0D /* EditExpenseView.swift in Sources */,
				FADD8D4F29D889C50053AB0D /* Expense_TrackerApp.swift in Sources */,
				FADD8D7829D8C2BD0053AB0D /* ExpenseTracker.xcdatamodeld in Sources */,
				FADD8D6629D88A650053AB0D /* SettingsView.swift in Sources */,
				FADD8D7A29D8C3720053AB0D /* DataController.swift in Sources */,
				FADD8D8229D9064C0053AB0D /* ExpenseDetail.swift in Sources */,
				FADD8D6029D88A340053AB0D /* ExpenseView.swift in Sources */,
				FADD8D6229D88A460053AB0D /* AddExpenseView.swift in Sources */,
			);
			runOnlyForDeploymentPostprocessing = 0;
		};
/* End PBXSourcesBuildPhase section */

/* Begin XCBuildConfiguration section */
		FADD8D5729D889C70053AB0D /* Debug */ = {
			isa = XCBuildConfiguration;
			buildSettings = {
				ALWAYS_SEARCH_USER_PATHS = NO;
				CLANG_ANALYZER_NONNULL = YES;
				CLANG_ANALYZER_NUMBER_OBJECT_CONVERSION = YES_AGGRESSIVE;
				CLANG_CXX_LANGUAGE_STANDARD = "gnu++20";
				CLANG_ENABLE_MODULES = YES;
				CLANG_ENABLE_OBJC_ARC = YES;
				CLANG_ENABLE_OBJC_WEAK = YES;
				CLANG_WARN_BLOCK_CAPTURE_AUTORELEASING = YES;
				CLANG_WARN_BOOL_CONVERSION = YES;
				CLANG_WARN_COMMA = YES;
				CLANG_WARN_CONSTANT_CONVERSION = YES;
				CLANG_WARN_DEPRECATED_OBJC_IMPLEMENTATIONS = YES;
				CLANG_WARN_DIRECT_OBJC_ISA_USAGE = YES_ERROR;
				CLANG_WARN_DOCUMENTATION_COMMENTS = YES;
				CLANG_WARN_EMPTY_BODY = YES;
				CLANG_WARN_ENUM_CONVERSION = YES;
				CLANG_WARN_INFINITE_RECURSION = YES;
				CLANG_WARN_INT_CONVERSION = YES;
				CLANG_WARN_NON_LITERAL_NULL_CONVERSION = YES;
				CLANG_WARN_OBJC_IMPLICIT_RETAIN_SELF = YES;
				CLANG_WARN_OBJC_LITERAL_CONVERSION = YES;
				CLANG_WARN_OBJC_ROOT_CLASS = YES_ERROR;
				CLANG_WARN_QUOTED_INCLUDE_IN_FRAMEWORK_HEADER = YES;
				CLANG_WARN_RANGE_LOOP_ANALYSIS = YES;
				CLANG_WARN_STRICT_PROTOTYPES = YES;
				CLANG_WARN_SUSPICIOUS_MOVE = YES;
				CLANG_WARN_UNGUARDED_AVAILABILITY = YES_AGGRESSIVE;
				CLANG_WARN_UNREACHABLE_CODE = YES;
				CLANG_WARN__DUPLICATE_METHOD_MATCH = YES;
				COPY_PHASE_STRIP = NO;
				DEBUG_INFORMATION_FORMAT = dwarf;
				ENABLE_STRICT_OBJC_MSGSEND = YES;
				ENABLE_TESTABILITY = YES;
				GCC_C_LANGUAGE_STANDARD = gnu11;
				GCC_DYNAMIC_NO_PIC = NO;
				GCC_NO_COMMON_BLOCKS = YES;
				GCC_OPTIMIZATION_LEVEL = 0;
				GCC_PREPROCESSOR_DEFINITIONS = (
					"DEBUG=1",
					"$(inherited)",
				);
				GCC_WARN_64_TO_32_BIT_CONVERSION = YES;
				GCC_WARN_ABOUT_RETURN_TYPE = YES_ERROR;
				GCC_WARN_UNDECLARED_SELECTOR = YES;
				GCC_WARN_UNINITIALIZED_AUTOS = YES_AGGRESSIVE;
				GCC_WARN_UNUSED_FUNCTION = YES;
				GCC_WARN_UNUSED_VARIABLE = YES;
				IPHONEOS_DEPLOYMENT_TARGET = 16.2;
				MTL_ENABLE_DEBUG_INFO = INCLUDE_SOURCE;
				MTL_FAST_MATH = YES;
				ONLY_ACTIVE_ARCH = YES;
				SDKROOT = iphoneos;
				SWIFT_ACTIVE_COMPILATION_CONDITIONS = DEBUG;
				SWIFT_OPTIMIZATION_LEVEL = "-Onone";
			};
			name = Debug;
		};
		FADD8D5829D889C70053AB0D /* Release */ = {
			isa = XCBuildConfiguration;
			buildSettings = {
				ALWAYS_SEARCH_USER_PATHS = NO;
				CLANG_ANALYZER_NONNULL = YES;
				CLANG_ANALYZER_NUMBER_OBJECT_CONVERSION = YES_AGGRESSIVE;
				CLANG_CXX_LANGUAGE_STANDARD = "gnu++20";
				CLANG_ENABLE_MODULES = YES;
				CLANG_ENABLE_OBJC_ARC = YES;
				CLANG_ENABLE_OBJC_WEAK = YES;
				CLANG_WARN_BLOCK_CAPTURE_AUTORELEASING = YES;
				CLANG_WARN_BOOL_CONVERSION = YES;
				CLANG_WARN_COMMA = YES;
				CLANG_WARN_CONSTANT_CONVERSION = YES;
				CLANG_WARN_DEPRECATED_OBJC_IMPLEMENTATIONS = YES;
				CLANG_WARN_DIRECT_OBJC_ISA_USAGE = YES_ERROR;
				CLANG_WARN_DOCUMENTATION_COMMENTS = YES;
				CLANG_WARN_EMPTY_BODY = YES;
				CLANG_WARN_ENUM_CONVERSION = YES;
				CLANG_WARN_INFINITE_RECURSION = YES;
				CLANG_WARN_INT_CONVERSION = YES;
				CLANG_WARN_NON_LITERAL_NULL_CONVERSION = YES;
				CLANG_WARN_OBJC_IMPLICIT_RETAIN_SELF = YES;
				CLANG_WARN_OBJC_LITERAL_CONVERSION = YES;
				CLANG_WARN_OBJC_ROOT_CLASS = YES_ERROR;
				CLANG_WARN_QUOTED_INCLUDE_IN_FRAMEWORK_HEADER = YES;
				CLANG_WARN_RANGE_LOOP_ANALYSIS = YES;
				CLANG_WARN_STRICT_PROTOTYPES = YES;
				CLANG_WARN_SUSPICIOUS_MOVE = YES;
				CLANG_WARN_UNGUARDED_AVAILABILITY = YES_AGGRESSIVE;
				CLANG_WARN_UNREACHABLE_CODE = YES;
				CLANG_WARN__DUPLICATE_METHOD_MATCH = YES;
				COPY_PHASE_STRIP = NO;
				DEBUG_INFORMATION_FORMAT = "dwarf-with-dsym";
				ENABLE_NS_ASSERTIONS = NO;
				ENABLE_STRICT_OBJC_MSGSEND = YES;
				GCC_C_LANGUAGE_STANDARD = gnu11;
				GCC_NO_COMMON_BLOCKS = YES;
				GCC_WARN_64_TO_32_BIT_CONVERSION = YES;
				GCC_WARN_ABOUT_RETURN_TYPE = YES_ERROR;
				GCC_WARN_UNDECLARED_SELECTOR = YES;
				GCC_WARN_UNINITIALIZED_AUTOS = YES_AGGRESSIVE;
				GCC_WARN_UNUSED_FUNCTION = YES;
				GCC_WARN_UNUSED_VARIABLE = YES;
				IPHONEOS_DEPLOYMENT_TARGET = 16.2;
				MTL_ENABLE_DEBUG_INFO = NO;
				MTL_FAST_MATH = YES;
				SDKROOT = iphoneos;
				SWIFT_COMPILATION_MODE = wholemodule;
				SWIFT_OPTIMIZATION_LEVEL = "-O";
				VALIDATE_PRODUCT = YES;
			};
			name = Release;
		};
		FADD8D5A29D889C70053AB0D /* Debug */ = {
			isa = XCBuildConfiguration;
			buildSettings = {
				ASSETCATALOG_COMPILER_APPICON_NAME = AppIcon;
				ASSETCATALOG_COMPILER_GLOBAL_ACCENT_COLOR_NAME = AccentColor;
				CODE_SIGN_STYLE = Automatic;
				CURRENT_PROJECT_VERSION = 1;
				DEVELOPMENT_ASSET_PATHS = "\"Expense Tracker/Preview Content\"";
				DEVELOPMENT_TEAM = 8JYH3R442S;
				ENABLE_PREVIEWS = YES;
				GENERATE_INFOPLIST_FILE = YES;
				INFOPLIST_KEY_UIApplicationSceneManifest_Generation = YES;
				INFOPLIST_KEY_UIApplicationSupportsIndirectInputEvents = YES;
				INFOPLIST_KEY_UILaunchScreen_Generation = YES;
				INFOPLIST_KEY_UISupportedInterfaceOrientations_iPad = "UIInterfaceOrientationPortrait UIInterfaceOrientationPortraitUpsideDown UIInterfaceOrientationLandscapeLeft UIInterfaceOrientationLandscapeRight";
				INFOPLIST_KEY_UISupportedInterfaceOrientations_iPhone = "UIInterfaceOrientationPortrait UIInterfaceOrientationLandscapeLeft UIInterfaceOrientationLandscapeRight";
				LD_RUNPATH_SEARCH_PATHS = (
					"$(inherited)",
					"@executable_path/Frameworks",
				);
				MARKETING_VERSION = 1.0;
				PRODUCT_BUNDLE_IDENTIFIER = "com.hardik.sharma.Expense-Tracker";
				PRODUCT_NAME = "$(TARGET_NAME)";
				SWIFT_EMIT_LOC_STRINGS = YES;
				SWIFT_VERSION = 5.0;
				TARGETED_DEVICE_FAMILY = "1,2";
			};
			name = Debug;
		};
		FADD8D5B29D889C70053AB0D /* Release */ = {
			isa = XCBuildConfiguration;
			buildSettings = {
				ASSETCATALOG_COMPILER_APPICON_NAME = AppIcon;
				ASSETCATALOG_COMPILER_GLOBAL_ACCENT_COLOR_NAME = AccentColor;
				CODE_SIGN_STYLE = Automatic;
				CURRENT_PROJECT_VERSION = 1;
				DEVELOPMENT_ASSET_PATHS = "\"Expense Tracker/Preview Content\"";
				DEVELOPMENT_TEAM = 8JYH3R442S;
				ENABLE_PREVIEWS = YES;
				GENERATE_INFOPLIST_FILE = YES;
				INFOPLIST_KEY_UIApplicationSceneManifest_Generation = YES;
				INFOPLIST_KEY_UIApplicationSupportsIndirectInputEvents = YES;
				INFOPLIST_KEY_UILaunchScreen_Generation = YES;
				INFOPLIST_KEY_UISupportedInterfaceOrientations_iPad = "UIInterfaceOrientationPortrait UIInterfaceOrientationPortraitUpsideDown UIInterfaceOrientationLandscapeLeft UIInterfaceOrientationLandscapeRight";
				INFOPLIST_KEY_UISupportedInterfaceOrientations_iPhone = "UIInterfaceOrientationPortrait UIInterfaceOrientationLandscapeLeft UIInterfaceOrientationLandscapeRight";
				LD_RUNPATH_SEARCH_PATHS = (
					"$(inherited)",
					"@executable_path/Frameworks",
				);
				MARKETING_VERSION = 1.0;
				PRODUCT_BUNDLE_IDENTIFIER = "com.hardik.sharma.Expense-Tracker";
				PRODUCT_NAME = "$(TARGET_NAME)";
				SWIFT_EMIT_LOC_STRINGS = YES;
				SWIFT_VERSION = 5.0;
				TARGETED_DEVICE_FAMILY = "1,2";
			};
			name = Release;
		};
/* End XCBuildConfiguration section */

/* Begin XCConfigurationList section */
		FADD8D4629D889C50053AB0D /* Build configuration list for PBXProject "Expense Tracker" */ = {
			isa = XCConfigurationList;
			buildConfigurations = (
				FADD8D5729D889C70053AB0D /* Debug */,
				FADD8D5829D889C70053AB0D /* Release */,
			);
			defaultConfigurationIsVisible = 0;
			defaultConfigurationName = Release;
		};
		FADD8D5929D889C70053AB0D /* Build configuration list for PBXNativeTarget "Expense Tracker" */ = {
			isa = XCConfigurationList;
			buildConfigurations = (
				FADD8D5A29D889C70053AB0D /* Debug */,
				FADD8D5B29D889C70053AB0D /* Release */,
			);
			defaultConfigurationIsVisible = 0;
			defaultConfigurationName = Release;
		};
/* End XCConfigurationList section */

/* Begin XCVersionGroup section */
		FADD8D7629D8C2BD0053AB0D /* ExpenseTracker.xcdatamodeld */ = {
			isa = XCVersionGroup;
			children = (
				FADD8D7729D8C2BD0053AB0D /* ExpenseTracker.xcdatamodel */,
			);
			currentVersion = FADD8D7729D8C2BD0053AB0D /* ExpenseTracker.xcdatamodel */;
			path = ExpenseTracker.xcdatamodeld;
			sourceTree = "<group>";
			versionGroupType = wrapper.xcdatamodel;
		};
/* End XCVersionGroup section */
	};
	rootObject = FADD8D4329D889C50053AB0D /* Project object */;
}
